<?xml version="1.0" encoding="utf-8"?>
<Project ToolsVersion="4.0" xmlns="http://schemas.microsoft.com/developer/msbuild/2003">
  <ItemGroup>
    <Filter Include="General">
      <UniqueIdentifier>{4FC737F1-C7A5-4376-A066-2A32D752A2FF}</UniqueIdentifier>
      <Extensions>cpp;c;cc;cxx;def;odl;idl;hpj;bat;asm;asmx</Extensions>
    </Filter>
    <Filter Include="Entities">
      <UniqueIdentifier>{1a45e6d1-7557-46a2-a06e-24de451c1203}</UniqueIdentifier>
    </Filter>
    <Filter Include="Map">
      <UniqueIdentifier>{d06b049f-1a70-4394-8475-794dc8be030d}</UniqueIdentifier>
    </Filter>
    <Filter Include="Data">
      <UniqueIdentifier>{f080fdef-df55-4001-aa96-92c7879ab3b0}</UniqueIdentifier>
    </Filter>
  </ItemGroup>
  <ItemGroup>
    <ClCompile Include="Main_Windows.cpp">
      <Filter>General</Filter>
    </ClCompile>
    <ClCompile Include="App.cpp">
      <Filter>General</Filter>
    </ClCompile>
    <ClCompile Include="Game.cpp">
      <Filter>General</Filter>
    </ClCompile>
    <ClCompile Include="Entity.cpp">
      <Filter>Entities</Filter>
    </ClCompile>
    <ClCompile Include="Map.cpp">
      <Filter>Map</Filter>
    </ClCompile>
    <ClCompile Include="PlayerTank.cpp">
      <Filter>Entities</Filter>
    </ClCompile>
    <ClCompile Include="Tile.cpp">
      <Filter>Map</Filter>
    </ClCompile>
    <ClCompile Include="TileDef.cpp">
      <Filter>Map</Filter>
    </ClCompile>
    <ClCompile Include="EnemyTurret.cpp">
      <Filter>Entities</Filter>
    </ClCompile>
    <ClCompile Include="Bullet.cpp">
      <Filter>Entities</Filter>
    </ClCompile>
    <ClCompile Include="RaycastResult.cpp">
      <Filter>Map</Filter>
    </ClCompile>
    <ClCompile Include="Boulder.cpp">
      <Filter>Entities</Filter>
    </ClCompile>
    <ClCompile Include="EnemyTank.cpp">
      <Filter>Entities</Filter>
    </ClCompile>
    <ClCompile Include="Explosion.cpp">
      <Filter>Entities</Filter>
    </ClCompile>
  </ItemGroup>
  <ItemGroup>
    <ClInclude Include="App.hpp">
      <Filter>General</Filter>
    </ClInclude>
    <ClInclude Include="GameCommon.hpp">
      <Filter>General</Filter>
    </ClInclude>
    <ClInclude Include="Game.hpp">
      <Filter>General</Filter>
    </ClInclude>
    <ClInclude Include="Entity.hpp">
      <Filter>Entities</Filter>
    </ClInclude>
    <ClInclude Include="EngineBuildPreferences.hpp">
      <Filter>General</Filter>
    </ClInclude>
    <ClInclude Include="PlayerTank.hpp">
      <Filter>Entities</Filter>
    </ClInclude>
    <ClInclude Include="Map.hpp">
      <Filter>Map</Filter>
    </ClInclude>
    <ClInclude Include="Tile.hpp">
      <Filter>Map</Filter>
    </ClInclude>
    <ClInclude Include="TileDef.hpp">
      <Filter>Map</Filter>
    </ClInclude>
    <ClInclude Include="EnemyTurret.hpp">
      <Filter>Entities</Filter>
    </ClInclude>
    <ClInclude Include="Bullet.hpp">
      <Filter>Entities</Filter>
    </ClInclude>
    <ClInclude Include="RaycastResult.hpp">
      <Filter>Map</Filter>
    </ClInclude>
    <ClInclude Include="Boulder.hpp">
      <Filter>Entities</Filter>
    </ClInclude>
    <ClInclude Include="EnemyTank.hpp">
      <Filter>Entities</Filter>
    </ClInclude>
    <ClInclude Include="Explosion.hpp">
      <Filter>Entities</Filter>
    </ClInclude>
  </ItemGroup>
  <ItemGroup>
    <Xml Include="..\..\Run\Data\ProjectConfig.xml">
      <Filter>Data</Filter>
    </Xml>
  </ItemGroup>
</Project>